
Microsoft Visual Studio Solution File, Format Version 12.00
# Visual Studio Version 17
VisualStudioVersion = 17.5.002.0
MinimumVisualStudioVersion = 10.0.40219.1
Project("{9A19103F-16F7-4668-BE54-9A1E7A4F7556}") = "TestProject", "TestProject.csproj", "{6E03281D-A0C1-4181-99BF-AD87A7F76FC7}"
EndProject
Global
	GlobalSection(SolutionConfigurationPlatforms) = preSolution
		Debug|Any CPU = Debug|Any CPU
		Release|Any CPU = Release|Any CPU
	EndGlobalSection
	GlobalSection(ProjectConfigurationPlatforms) = postSolution
		{6E03281D-A0C1-4181-99BF-AD87A7F76FC7}.Debug|Any CPU.ActiveCfg = Debug|Any CPU
		{6E03281D-A0C1-4181-99BF-AD87A7F76FC7}.Debug|Any CPU.Build.0 = Debug|Any CPU
		{6E03281D-A0C1-4181-99BF-AD87A7F76FC7}.Release|Any CPU.ActiveCfg = Release|Any CPU
		{6E03281D-A0C1-4181-99BF-AD87A7F76FC7}.Release|Any CPU.Build.0 = Release|Any CPU
	EndGlobalSection
	GlobalSection(SolutionProperties) = preSolution
		HideSolutionNode = FALSE
	EndGlobalSection
	GlobalSection(ExtensibilityGlobals) = postSolution
		SolutionGuid = {A541C4E0-B2EF-41CA-A5BE-3C5A8E424179}
	EndGlobalSection
EndGlobal
